{
  "requires": true,
  "lockfileVersion": 1,
  "dependencies": {
    "@openzeppelin/contracts": {
      "version": "3.0.1",
      "resolved": "https://registry.npmjs.org/@openzeppelin/contracts/-/contracts-3.0.1.tgz",
      "integrity": "sha512-uSrD7hZ0ViuHGqHZbeHawZBi/uy7aBiNramXAt2dFFuSuoU4u9insS3V3zdVfOnYSPreUo636xSOuQIFN4//HA=="
    },
    "@studydefi/money-legos": {
      "version": "2.1.3",
      "resolved": "https://registry.npmjs.org/@studydefi/money-legos/-/money-legos-2.1.3.tgz",
      "integrity": "sha512-6I8V3P2uFDxW9dXoq8O91JQS6YRZ2OmduJzD+grkpAnkXocT7eu4t26zCDwBFRD2bHLlEZyopWZ87GNuO8Mf8w==",
      "requires": {
        "@openzeppelin/contracts": "^2.5.0"
      },
      "dependencies": {
        "@openzeppelin/contracts": {
          "version": "2.5.1",
          "resolved": "https://registry.npmjs.org/@openzeppelin/contracts/-/contracts-2.5.1.tgz",
          "integrity": "sha512-qIy6tLx8rtybEsIOAlrM4J/85s2q2nPkDqj/Rx46VakBZ0LwtFhXIVub96LXHczQX0vaqmAueDqNPXtbSXSaYQ=="
        }
      }
    }
  }
}
